// !$*UTF8*$!
{
	archiveVersion = 1;
	classes = {
	};
	objectVersion = 51;
	objects = {

/* Begin PBXBuildFile section */
		841B1791257738DD00A5B4E8 /* FirebaseResponses.swift in Sources */ = {isa = PBXBuildFile; fileRef = 841B1790257738DD00A5B4E8 /* FirebaseResponses.swift */; };
		841F4768257C1DC800C2527F /* ForgotPasswordView.swift in Sources */ = {isa = PBXBuildFile; fileRef = 841F4767257C1DC800C2527F /* ForgotPasswordView.swift */; };
		841F476A257C1EB300C2527F /* ForgotPasswordViewModel.swift in Sources */ = {isa = PBXBuildFile; fileRef = 841F4769257C1EB300C2527F /* ForgotPasswordViewModel.swift */; };
		841F476C257C1EC200C2527F /* ForgotPasswordModel.swift in Sources */ = {isa = PBXBuildFile; fileRef = 841F476B257C1EC200C2527F /* ForgotPasswordModel.swift */; };
		8454E17925788A9200F86BA9 /* LoginView.swift in Sources */ = {isa = PBXBuildFile; fileRef = 8454E17825788A9200F86BA9 /* LoginView.swift */; };
		84B897C0257B42E60071D32B /* LoginViewModel.swift in Sources */ = {isa = PBXBuildFile; fileRef = 84B897BF257B42E60071D32B /* LoginViewModel.swift */; };
		84B897C2257B431E0071D32B /* LoginModel.swift in Sources */ = {isa = PBXBuildFile; fileRef = 84B897C1257B431E0071D32B /* LoginModel.swift */; };
		84B897C5257B47CE0071D32B /* MenuView.swift in Sources */ = {isa = PBXBuildFile; fileRef = 84B897C4257B47CE0071D32B /* MenuView.swift */; };
		84EBC5902573ECFE00947CB4 /* AppDelegate.swift in Sources */ = {isa = PBXBuildFile; fileRef = 84EBC58F2573ECFE00947CB4 /* AppDelegate.swift */; };
		84EBC5922573ECFE00947CB4 /* SceneDelegate.swift in Sources */ = {isa = PBXBuildFile; fileRef = 84EBC5912573ECFE00947CB4 /* SceneDelegate.swift */; };
		84EBC5962573ED0300947CB4 /* Assets.xcassets in Resources */ = {isa = PBXBuildFile; fileRef = 84EBC5952573ED0300947CB4 /* Assets.xcassets */; };
		84EBC5992573ED0300947CB4 /* Preview Assets.xcassets in Resources */ = {isa = PBXBuildFile; fileRef = 84EBC5982573ED0300947CB4 /* Preview Assets.xcassets */; };
		84EBC5A62573F57100947CB4 /* RegisterView.swift in Sources */ = {isa = PBXBuildFile; fileRef = 84EBC5A52573F57100947CB4 /* RegisterView.swift */; };
		84EBC5A82573F6F800947CB4 /* RegisterViewModel.swift in Sources */ = {isa = PBXBuildFile; fileRef = 84EBC5A72573F6F800947CB4 /* RegisterViewModel.swift */; };
		84EBC5AA2574128900947CB4 /* GoogleService-Info.plist in Resources */ = {isa = PBXBuildFile; fileRef = 84EBC5A92574128800947CB4 /* GoogleService-Info.plist */; };
		84F48564257420A500AC1D93 /* RegisterModel.swift in Sources */ = {isa = PBXBuildFile; fileRef = 84F48563257420A500AC1D93 /* RegisterModel.swift */; };
		D9BA8C72595D75DF33331584 /* Pods_Schoenstapp.framework in Frameworks */ = {isa = PBXBuildFile; fileRef = B39F129E3CCC49EEE25B87E9 /* Pods_Schoenstapp.framework */; };
/* End PBXBuildFile section */

/* Begin PBXFileReference section */
		841B1790257738DD00A5B4E8 /* FirebaseResponses.swift */ = {isa = PBXFileReference; lastKnownFileType = sourcecode.swift; path = FirebaseResponses.swift; sourceTree = "<group>"; };
		841F4767257C1DC800C2527F /* ForgotPasswordView.swift */ = {isa = PBXFileReference; lastKnownFileType = sourcecode.swift; path = ForgotPasswordView.swift; sourceTree = "<group>"; };
		841F4769257C1EB300C2527F /* ForgotPasswordViewModel.swift */ = {isa = PBXFileReference; lastKnownFileType = sourcecode.swift; path = ForgotPasswordViewModel.swift; sourceTree = "<group>"; };
		841F476B257C1EC200C2527F /* ForgotPasswordModel.swift */ = {isa = PBXFileReference; lastKnownFileType = sourcecode.swift; path = ForgotPasswordModel.swift; sourceTree = "<group>"; };
		8454E17825788A9200F86BA9 /* LoginView.swift */ = {isa = PBXFileReference; lastKnownFileType = sourcecode.swift; path = LoginView.swift; sourceTree = "<group>"; };
		84B897BF257B42E60071D32B /* LoginViewModel.swift */ = {isa = PBXFileReference; lastKnownFileType = sourcecode.swift; path = LoginViewModel.swift; sourceTree = "<group>"; };
		84B897C1257B431E0071D32B /* LoginModel.swift */ = {isa = PBXFileReference; lastKnownFileType = sourcecode.swift; path = LoginModel.swift; sourceTree = "<group>"; };
		84B897C4257B47CE0071D32B /* MenuView.swift */ = {isa = PBXFileReference; lastKnownFileType = sourcecode.swift; path = MenuView.swift; sourceTree = "<group>"; };
		84EBC58C2573ECFE00947CB4 /* Schoenstapp.app */ = {isa = PBXFileReference; explicitFileType = wrapper.application; includeInIndex = 0; path = Schoenstapp.app; sourceTree = BUILT_PRODUCTS_DIR; };
		84EBC58F2573ECFE00947CB4 /* AppDelegate.swift */ = {isa = PBXFileReference; lastKnownFileType = sourcecode.swift; path = AppDelegate.swift; sourceTree = "<group>"; };
		84EBC5912573ECFE00947CB4 /* SceneDelegate.swift */ = {isa = PBXFileReference; lastKnownFileType = sourcecode.swift; path = SceneDelegate.swift; sourceTree = "<group>"; };
		84EBC5952573ED0300947CB4 /* Assets.xcassets */ = {isa = PBXFileReference; lastKnownFileType = folder.assetcatalog; path = Assets.xcassets; sourceTree = "<group>"; };
		84EBC5982573ED0300947CB4 /* Preview Assets.xcassets */ = {isa = PBXFileReference; lastKnownFileType = folder.assetcatalog; path = "Preview Assets.xcassets"; sourceTree = "<group>"; };
		84EBC59D2573ED0300947CB4 /* Info.plist */ = {isa = PBXFileReference; lastKnownFileType = text.plist.xml; path = Info.plist; sourceTree = "<group>"; };
		84EBC5A52573F57100947CB4 /* RegisterView.swift */ = {isa = PBXFileReference; lastKnownFileType = sourcecode.swift; path = RegisterView.swift; sourceTree = "<group>"; };
		84EBC5A72573F6F800947CB4 /* RegisterViewModel.swift */ = {isa = PBXFileReference; lastKnownFileType = sourcecode.swift; path = RegisterViewModel.swift; sourceTree = "<group>"; };
		84EBC5A92574128800947CB4 /* GoogleService-Info.plist */ = {isa = PBXFileReference; fileEncoding = 4; lastKnownFileType = text.plist.xml; name = "GoogleService-Info.plist"; path = "../../../Downloads/GoogleService-Info.plist"; sourceTree = "<group>"; };
		84F48563257420A500AC1D93 /* RegisterModel.swift */ = {isa = PBXFileReference; lastKnownFileType = sourcecode.swift; path = RegisterModel.swift; sourceTree = "<group>"; };
		A7A9A04097DF9F892799C8DE /* Pods-Schoenstapp.debug.xcconfig */ = {isa = PBXFileReference; includeInIndex = 1; lastKnownFileType = text.xcconfig; name = "Pods-Schoenstapp.debug.xcconfig"; path = "Target Support Files/Pods-Schoenstapp/Pods-Schoenstapp.debug.xcconfig"; sourceTree = "<group>"; };
		B39F129E3CCC49EEE25B87E9 /* Pods_Schoenstapp.framework */ = {isa = PBXFileReference; explicitFileType = wrapper.framework; includeInIndex = 0; path = Pods_Schoenstapp.framework; sourceTree = BUILT_PRODUCTS_DIR; };
		DE005609238DD27844105BBF /* Pods-Schoenstapp.release.xcconfig */ = {isa = PBXFileReference; includeInIndex = 1; lastKnownFileType = text.xcconfig; name = "Pods-Schoenstapp.release.xcconfig"; path = "Target Support Files/Pods-Schoenstapp/Pods-Schoenstapp.release.xcconfig"; sourceTree = "<group>"; };
/* End PBXFileReference section */

/* Begin PBXFrameworksBuildPhase section */
		84EBC5892573ECFE00947CB4 /* Frameworks */ = {
			isa = PBXFrameworksBuildPhase;
			buildActionMask = 2147483647;
			files = (
				D9BA8C72595D75DF33331584 /* Pods_Schoenstapp.framework in Frameworks */,
			);
			runOnlyForDeploymentPostprocessing = 0;
		};
/* End PBXFrameworksBuildPhase section */

/* Begin PBXGroup section */
		04D4EB2911DC69D8A3C7BEF8 /* Pods */ = {
			isa = PBXGroup;
			children = (
				A7A9A04097DF9F892799C8DE /* Pods-Schoenstapp.debug.xcconfig */,
				DE005609238DD27844105BBF /* Pods-Schoenstapp.release.xcconfig */,
			);
			path = Pods;
			sourceTree = "<group>";
		};
		531104F63C71CF1D7AFE6ED2 /* Frameworks */ = {
			isa = PBXGroup;
			children = (
				B39F129E3CCC49EEE25B87E9 /* Pods_Schoenstapp.framework */,
			);
			name = Frameworks;
			sourceTree = "<group>";
		};
		841B178E2577389100A5B4E8 /* base */ = {
			isa = PBXGroup;
			children = (
				84EBC58F2573ECFE00947CB4 /* AppDelegate.swift */,
				84EBC5912573ECFE00947CB4 /* SceneDelegate.swift */,
			);
			path = base;
			sourceTree = "<group>";
		};
		841B178F257738B800A5B4E8 /* utils */ = {
			isa = PBXGroup;
			children = (
				841B1790257738DD00A5B4E8 /* FirebaseResponses.swift */,
			);
			path = utils;
			sourceTree = "<group>";
		};
		841F4766257C1DB500C2527F /* forgot */ = {
			isa = PBXGroup;
			children = (
				841F4767257C1DC800C2527F /* ForgotPasswordView.swift */,
				841F4769257C1EB300C2527F /* ForgotPasswordViewModel.swift */,
				841F476B257C1EC200C2527F /* ForgotPasswordModel.swift */,
			);
			path = forgot;
			sourceTree = "<group>";
		};
		8454E1772578891E00F86BA9 /* login */ = {
			isa = PBXGroup;
			children = (
				8454E17825788A9200F86BA9 /* LoginView.swift */,
				84B897BF257B42E60071D32B /* LoginViewModel.swift */,
				84B897C1257B431E0071D32B /* LoginModel.swift */,
			);
			path = login;
			sourceTree = "<group>";
		};
		84B897C3257B47B30071D32B /* menu */ = {
			isa = PBXGroup;
			children = (
				84B897C4257B47CE0071D32B /* MenuView.swift */,
			);
			path = menu;
			sourceTree = "<group>";
		};
		84EBC5832573ECFE00947CB4 = {
			isa = PBXGroup;
			children = (
				84EBC58E2573ECFE00947CB4 /* Schoenstapp */,
				84EBC58D2573ECFE00947CB4 /* Products */,
				04D4EB2911DC69D8A3C7BEF8 /* Pods */,
				531104F63C71CF1D7AFE6ED2 /* Frameworks */,
			);
			sourceTree = "<group>";
		};
		84EBC58D2573ECFE00947CB4 /* Products */ = {
			isa = PBXGroup;
			children = (
				84EBC58C2573ECFE00947CB4 /* Schoenstapp.app */,
			);
			name = Products;
			sourceTree = "<group>";
		};
		84EBC58E2573ECFE00947CB4 /* Schoenstapp */ = {
			isa = PBXGroup;
			children = (
				841F4766257C1DB500C2527F /* forgot */,
				84B897C3257B47B30071D32B /* menu */,
				8454E1772578891E00F86BA9 /* login */,
				841B178F257738B800A5B4E8 /* utils */,
				841B178E2577389100A5B4E8 /* base */,
				84EBC5A92574128800947CB4 /* GoogleService-Info.plist */,
				84EBC5A42573F54A00947CB4 /* register */,
				84EBC5952573ED0300947CB4 /* Assets.xcassets */,
				84EBC59D2573ED0300947CB4 /* Info.plist */,
				84EBC5972573ED0300947CB4 /* Preview Content */,
			);
			path = Schoenstapp;
			sourceTree = "<group>";
		};
		84EBC5972573ED0300947CB4 /* Preview Content */ = {
			isa = PBXGroup;
			children = (
				84EBC5982573ED0300947CB4 /* Preview Assets.xcassets */,
			);
			path = "Preview Content";
			sourceTree = "<group>";
		};
		84EBC5A42573F54A00947CB4 /* register */ = {
			isa = PBXGroup;
			children = (
				84EBC5A52573F57100947CB4 /* RegisterView.swift */,
				84EBC5A72573F6F800947CB4 /* RegisterViewModel.swift */,
				84F48563257420A500AC1D93 /* RegisterModel.swift */,
			);
			path = register;
			sourceTree = "<group>";
		};
/* End PBXGroup section */

/* Begin PBXNativeTarget section */
		84EBC58B2573ECFE00947CB4 /* Schoenstapp */ = {
			isa = PBXNativeTarget;
			buildConfigurationList = 84EBC5A02573ED0300947CB4 /* Build configuration list for PBXNativeTarget "Schoenstapp" */;
			buildPhases = (
				BC252667DB6986A38B3F434C /* [CP] Check Pods Manifest.lock */,
				84EBC5882573ECFE00947CB4 /* Sources */,
				84EBC5892573ECFE00947CB4 /* Frameworks */,
				84EBC58A2573ECFE00947CB4 /* Resources */,
				597B651756DAA1E615371907 /* [CP] Embed Pods Frameworks */,
			);
			buildRules = (
			);
			dependencies = (
			);
			name = Schoenstapp;
			productName = Schoenstapp;
			productReference = 84EBC58C2573ECFE00947CB4 /* Schoenstapp.app */;
			productType = "com.apple.product-type.application";
		};
/* End PBXNativeTarget section */

/* Begin PBXProject section */
		84EBC5842573ECFE00947CB4 /* Project object */ = {
			isa = PBXProject;
			attributes = {
				LastSwiftUpdateCheck = 1160;
				LastUpgradeCheck = 1160;
				ORGANIZATIONNAME = "Kevin Schweitzer";
				TargetAttributes = {
					84EBC58B2573ECFE00947CB4 = {
						CreatedOnToolsVersion = 11.6;
					};
				};
			};
			buildConfigurationList = 84EBC5872573ECFE00947CB4 /* Build configuration list for PBXProject "Schoenstapp" */;
			compatibilityVersion = "Xcode 9.3";
			developmentRegion = en;
			hasScannedForEncodings = 0;
			knownRegions = (
				en,
				Base,
			);
			mainGroup = 84EBC5832573ECFE00947CB4;
			productRefGroup = 84EBC58D2573ECFE00947CB4 /* Products */;
			projectDirPath = "";
			projectRoot = "";
			targets = (
				84EBC58B2573ECFE00947CB4 /* Schoenstapp */,
			);
		};
/* End PBXProject section */

/* Begin PBXResourcesBuildPhase section */
		84EBC58A2573ECFE00947CB4 /* Resources */ = {
			isa = PBXResourcesBuildPhase;
			buildActionMask = 2147483647;
			files = (
				84EBC5AA2574128900947CB4 /* GoogleService-Info.plist in Resources */,
				84EBC5992573ED0300947CB4 /* Preview Assets.xcassets in Resources */,
				84EBC5962573ED0300947CB4 /* Assets.xcassets in Resources */,
			);
			runOnlyForDeploymentPostprocessing = 0;
		};
/* End PBXResourcesBuildPhase section */

/* Begin PBXShellScriptBuildPhase section */
		597B651756DAA1E615371907 /* [CP] Embed Pods Frameworks */ = {
			isa = PBXShellScriptBuildPhase;
			buildActionMask = 2147483647;
			files = (
			);
			inputFileListPaths = (
				"${PODS_ROOT}/Target Support Files/Pods-Schoenstapp/Pods-Schoenstapp-frameworks-${CONFIGURATION}-input-files.xcfilelist",
			);
			name = "[CP] Embed Pods Frameworks";
			outputFileListPaths = (
				"${PODS_ROOT}/Target Support Files/Pods-Schoenstapp/Pods-Schoenstapp-frameworks-${CONFIGURATION}-output-files.xcfilelist",
			);
			runOnlyForDeploymentPostprocessing = 0;
			shellPath = /bin/sh;
			shellScript = "\"${PODS_ROOT}/Target Support Files/Pods-Schoenstapp/Pods-Schoenstapp-frameworks.sh\"\n";
			showEnvVarsInLog = 0;
		};
		BC252667DB6986A38B3F434C /* [CP] Check Pods Manifest.lock */ = {
			isa = PBXShellScriptBuildPhase;
			buildActionMask = 2147483647;
			files = (
			);
			inputFileListPaths = (
			);
			inputPaths = (
				"${PODS_PODFILE_DIR_PATH}/Podfile.lock",
				"${PODS_ROOT}/Manifest.lock",
			);
			name = "[CP] Check Pods Manifest.lock";
			outputFileListPaths = (
			);
			outputPaths = (
				"$(DERIVED_FILE_DIR)/Pods-Schoenstapp-checkManifestLockResult.txt",
			);
			runOnlyForDeploymentPostprocessing = 0;
			shellPath = /bin/sh;
			shellScript = "diff \"${PODS_PODFILE_DIR_PATH}/Podfile.lock\" \"${PODS_ROOT}/Manifest.lock\" > /dev/null\nif [ $? != 0 ] ; then\n    # print error to STDERR\n    echo \"error: The sandbox is not in sync with the Podfile.lock. Run 'pod install' or update your CocoaPods installation.\" >&2\n    exit 1\nfi\n# This output is used by Xcode 'outputs' to avoid re-running this script phase.\necho \"SUCCESS\" > \"${SCRIPT_OUTPUT_FILE_0}\"\n";
			showEnvVarsInLog = 0;
		};
/* End PBXShellScriptBuildPhase section */

/* Begin PBXSourcesBuildPhase section */
		84EBC5882573ECFE00947CB4 /* Sources */ = {
			isa = PBXSourcesBuildPhase;
			buildActionMask = 2147483647;
			files = (
				841F476A257C1EB300C2527F /* ForgotPasswordViewModel.swift in Sources */,
				84EBC5902573ECFE00947CB4 /* AppDelegate.swift in Sources */,
				841F4768257C1DC800C2527F /* ForgotPasswordView.swift in Sources */,
				8454E17925788A9200F86BA9 /* LoginView.swift in Sources */,
				841B1791257738DD00A5B4E8 /* FirebaseResponses.swift in Sources */,
				84F48564257420A500AC1D93 /* RegisterModel.swift in Sources */,
				84B897C2257B431E0071D32B /* LoginModel.swift in Sources */,
				84B897C5257B47CE0071D32B /* MenuView.swift in Sources */,
				84B897C0257B42E60071D32B /* LoginViewModel.swift in Sources */,
				84EBC5922573ECFE00947CB4 /* SceneDelegate.swift in Sources */,
				84EBC5A62573F57100947CB4 /* RegisterView.swift in Sources */,
				841F476C257C1EC200C2527F /* ForgotPasswordModel.swift in Sources */,
				84EBC5A82573F6F800947CB4 /* RegisterViewModel.swift in Sources */,
			);
			runOnlyForDeploymentPostprocessing = 0;
		};
/* End PBXSourcesBuildPhase section */

/* Begin XCBuildConfiguration section */
		84EBC59E2573ED0300947CB4 /* Debug */ = {
			isa = XCBuildConfiguration;
			buildSettings = {
				ALWAYS_SEARCH_USER_PATHS = NO;
				CLANG_ANALYZER_NONNULL = YES;
				CLANG_ANALYZER_NUMBER_OBJECT_CONVERSION = YES_AGGRESSIVE;
				CLANG_CXX_LANGUAGE_STANDARD = "gnu++14";
				CLANG_CXX_LIBRARY = "libc++";
				CLANG_ENABLE_MODULES = YES;
				CLANG_ENABLE_OBJC_ARC = YES;
				CLANG_ENABLE_OBJC_WEAK = YES;
				CLANG_WARN_BLOCK_CAPTURE_AUTORELEASING = YES;
				CLANG_WARN_BOOL_CONVERSION = YES;
				CLANG_WARN_COMMA = YES;
				CLANG_WARN_CONSTANT_CONVERSION = YES;
				CLANG_WARN_DEPRECATED_OBJC_IMPLEMENTATIONS = YES;
				CLANG_WARN_DIRECT_OBJC_ISA_USAGE = YES_ERROR;
				CLANG_WARN_DOCUMENTATION_COMMENTS = YES;
				CLANG_WARN_EMPTY_BODY = YES;
				CLANG_WARN_ENUM_CONVERSION = YES;
				CLANG_WARN_INFINITE_RECURSION = YES;
				CLANG_WARN_INT_CONVERSION = YES;
				CLANG_WARN_NON_LITERAL_NULL_CONVERSION = YES;
				CLANG_WARN_OBJC_IMPLICIT_RETAIN_SELF = YES;
				CLANG_WARN_OBJC_LITERAL_CONVERSION = YES;
				CLANG_WARN_OBJC_ROOT_CLASS = YES_ERROR;
				CLANG_WARN_RANGE_LOOP_ANALYSIS = YES;
				CLANG_WARN_STRICT_PROTOTYPES = YES;
				CLANG_WARN_SUSPICIOUS_MOVE = YES;
				CLANG_WARN_UNGUARDED_AVAILABILITY = YES_AGGRESSIVE;
				CLANG_WARN_UNREACHABLE_CODE = YES;
				CLANG_WARN__DUPLICATE_METHOD_MATCH = YES;
				COPY_PHASE_STRIP = NO;
				DEBUG_INFORMATION_FORMAT = dwarf;
				ENABLE_STRICT_OBJC_MSGSEND = YES;
				ENABLE_TESTABILITY = YES;
				GCC_C_LANGUAGE_STANDARD = gnu11;
				GCC_DYNAMIC_NO_PIC = NO;
				GCC_NO_COMMON_BLOCKS = YES;
				GCC_OPTIMIZATION_LEVEL = 0;
				GCC_PREPROCESSOR_DEFINITIONS = (
					"DEBUG=1",
					"$(inherited)",
				);
				GCC_WARN_64_TO_32_BIT_CONVERSION = YES;
				GCC_WARN_ABOUT_RETURN_TYPE = YES_ERROR;
				GCC_WARN_UNDECLARED_SELECTOR = YES;
				GCC_WARN_UNINITIALIZED_AUTOS = YES_AGGRESSIVE;
				GCC_WARN_UNUSED_FUNCTION = YES;
				GCC_WARN_UNUSED_VARIABLE = YES;
				IPHONEOS_DEPLOYMENT_TARGET = 13.6;
				MTL_ENABLE_DEBUG_INFO = INCLUDE_SOURCE;
				MTL_FAST_MATH = YES;
				ONLY_ACTIVE_ARCH = YES;
				SDKROOT = iphoneos;
				SWIFT_ACTIVE_COMPILATION_CONDITIONS = DEBUG;
				SWIFT_OPTIMIZATION_LEVEL = "-Onone";
			};
			name = Debug;
		};
		84EBC59F2573ED0300947CB4 /* Release */ = {
			isa = XCBuildConfiguration;
			buildSettings = {
				ALWAYS_SEARCH_USER_PATHS = NO;
				CLANG_ANALYZER_NONNULL = YES;
				CLANG_ANALYZER_NUMBER_OBJECT_CONVERSION = YES_AGGRESSIVE;
				CLANG_CXX_LANGUAGE_STANDARD = "gnu++14";
				CLANG_CXX_LIBRARY = "libc++";
				CLANG_ENABLE_MODULES = YES;
				CLANG_ENABLE_OBJC_ARC = YES;
				CLANG_ENABLE_OBJC_WEAK = YES;
				CLANG_WARN_BLOCK_CAPTURE_AUTORELEASING = YES;
				CLANG_WARN_BOOL_CONVERSION = YES;
				CLANG_WARN_COMMA = YES;
				CLANG_WARN_CONSTANT_CONVERSION = YES;
				CLANG_WARN_DEPRECATED_OBJC_IMPLEMENTATIONS = YES;
				CLANG_WARN_DIRECT_OBJC_ISA_USAGE = YES_ERROR;
				CLANG_WARN_DOCUMENTATION_COMMENTS = YES;
				CLANG_WARN_EMPTY_BODY = YES;
				CLANG_WARN_ENUM_CONVERSION = YES;
				CLANG_WARN_INFINITE_RECURSION = YES;
				CLANG_WARN_INT_CONVERSION = YES;
				CLANG_WARN_NON_LITERAL_NULL_CONVERSION = YES;
				CLANG_WARN_OBJC_IMPLICIT_RETAIN_SELF = YES;
				CLANG_WARN_OBJC_LITERAL_CONVERSION = YES;
				CLANG_WARN_OBJC_ROOT_CLASS = YES_ERROR;
				CLANG_WARN_RANGE_LOOP_ANALYSIS = YES;
				CLANG_WARN_STRICT_PROTOTYPES = YES;
				CLANG_WARN_SUSPICIOUS_MOVE = YES;
				CLANG_WARN_UNGUARDED_AVAILABILITY = YES_AGGRESSIVE;
				CLANG_WARN_UNREACHABLE_CODE = YES;
				CLANG_WARN__DUPLICATE_METHOD_MATCH = YES;
				COPY_PHASE_STRIP = NO;
				DEBUG_INFORMATION_FORMAT = "dwarf-with-dsym";
				ENABLE_NS_ASSERTIONS = NO;
				ENABLE_STRICT_OBJC_MSGSEND = YES;
				GCC_C_LANGUAGE_STANDARD = gnu11;
				GCC_NO_COMMON_BLOCKS = YES;
				GCC_WARN_64_TO_32_BIT_CONVERSION = YES;
				GCC_WARN_ABOUT_RETURN_TYPE = YES_ERROR;
				GCC_WARN_UNDECLARED_SELECTOR = YES;
				GCC_WARN_UNINITIALIZED_AUTOS = YES_AGGRESSIVE;
				GCC_WARN_UNUSED_FUNCTION = YES;
				GCC_WARN_UNUSED_VARIABLE = YES;
				IPHONEOS_DEPLOYMENT_TARGET = 13.6;
				MTL_ENABLE_DEBUG_INFO = NO;
				MTL_FAST_MATH = YES;
				SDKROOT = iphoneos;
				SWIFT_COMPILATION_MODE = wholemodule;
				SWIFT_OPTIMIZATION_LEVEL = "-O";
				VALIDATE_PRODUCT = YES;
			};
			name = Release;
		};
		84EBC5A12573ED0300947CB4 /* Debug */ = {
			isa = XCBuildConfiguration;
			baseConfigurationReference = A7A9A04097DF9F892799C8DE /* Pods-Schoenstapp.debug.xcconfig */;
			buildSettings = {
				ASSETCATALOG_COMPILER_APPICON_NAME = AppIcon;
				CODE_SIGN_STYLE = Automatic;
				DEVELOPMENT_ASSET_PATHS = "\"Schoenstapp/Preview Content\"";
				DEVELOPMENT_TEAM = WPCZ832L3D;
				ENABLE_PREVIEWS = YES;
				INFOPLIST_FILE = Schoenstapp/Info.plist;
				LD_RUNPATH_SEARCH_PATHS = (
					"$(inherited)",
					"@executable_path/Frameworks",
				);
				PRODUCT_BUNDLE_IDENTIFIER = com.kschweitzer.Schoenstapp;
				PRODUCT_NAME = "$(TARGET_NAME)";
				SWIFT_VERSION = 5.0;
				TARGETED_DEVICE_FAMILY = "1,2";
			};
			name = Debug;
		};
		84EBC5A22573ED0300947CB4 /* Release */ = {
			isa = XCBuildConfiguration;
			baseConfigurationReference = DE005609238DD27844105BBF /* Pods-Schoenstapp.release.xcconfig */;
			buildSettings = {
				ASSETCATALOG_COMPILER_APPICON_NAME = AppIcon;
				CODE_SIGN_STYLE = Automatic;
				DEVELOPMENT_ASSET_PATHS = "\"Schoenstapp/Preview Content\"";
				DEVELOPMENT_TEAM = WPCZ832L3D;
				ENABLE_PREVIEWS = YES;
				INFOPLIST_FILE = Schoenstapp/Info.plist;
				LD_RUNPATH_SEARCH_PATHS = (
					"$(inherited)",
					"@executable_path/Frameworks",
				);
				PRODUCT_BUNDLE_IDENTIFIER = com.kschweitzer.Schoenstapp;
				PRODUCT_NAME = "$(TARGET_NAME)";
				SWIFT_VERSION = 5.0;
				TARGETED_DEVICE_FAMILY = "1,2";
			};
			name = Release;
		};
/* End XCBuildConfiguration section */

/* Begin XCConfigurationList section */
		84EBC5872573ECFE00947CB4 /* Build configuration list for PBXProject "Schoenstapp" */ = {
			isa = XCConfigurationList;
			buildConfigurations = (
				84EBC59E2573ED0300947CB4 /* Debug */,
				84EBC59F2573ED0300947CB4 /* Release */,
			);
			defaultConfigurationIsVisible = 0;
			defaultConfigurationName = Release;
		};
		84EBC5A02573ED0300947CB4 /* Build configuration list for PBXNativeTarget "Schoenstapp" */ = {
			isa = XCConfigurationList;
			buildConfigurations = (
				84EBC5A12573ED0300947CB4 /* Debug */,
				84EBC5A22573ED0300947CB4 /* Release */,
			);
			defaultConfigurationIsVisible = 0;
			defaultConfigurationName = Release;
		};
/* End XCConfigurationList section */
	};
	rootObject = 84EBC5842573ECFE00947CB4 /* Project object */;
}
